
Microsoft Visual Studio Solution File, Format Version 12.00
# Visual Studio Version 17
VisualStudioVersion = 17.7.34024.191
MinimumVisualStudioVersion = 10.0.40219.1
Project("{9A19103F-16F7-4668-BE54-9A1E7A4F7556}") = "RTSPLiveServer", "RTSPLiveServer\RTSPLiveServer.csproj", "{15366CC0-B49E-4B8D-A37D-ED83C3F5C400}"
	ProjectSection(ProjectDependencies) = postProject
		{D55D1EE1-BEA0-4D7B-AD11-1FE78C918150} = {D55D1EE1-BEA0-4D7B-AD11-1FE78C918150}
	EndProjectSection
EndProject
Project("{FAE04EC0-301F-11D3-BF4B-00C04F79EFBC}") = "Configurator", "Configurator\Configurator.csproj", "{D55D1EE1-BEA0-4D7B-AD11-1FE78C918150}"
EndProject
Global
	GlobalSection(SolutionConfigurationPlatforms) = preSolution
		Debug|Any CPU = Debug|Any CPU
		Release|Any CPU = Release|Any CPU
	EndGlobalSection
	GlobalSection(ProjectConfigurationPlatforms) = postSolution
		{15366CC0-B49E-4B8D-A37D-ED83C3F5C400}.Debug|Any CPU.ActiveCfg = Debug|Any CPU
		{15366CC0-B49E-4B8D-A37D-ED83C3F5C400}.Debug|Any CPU.Build.0 = Debug|Any CPU
		{15366CC0-B49E-4B8D-A37D-ED83C3F5C400}.Release|Any CPU.ActiveCfg = Release|Any CPU
		{15366CC0-B49E-4B8D-A37D-ED83C3F5C400}.Release|Any CPU.Build.0 = Release|Any CPU
		{D55D1EE1-BEA0-4D7B-AD11-1FE78C918150}.Debug|Any CPU.ActiveCfg = Debug|Any CPU
		{D55D1EE1-BEA0-4D7B-AD11-1FE78C918150}.Debug|Any CPU.Build.0 = Debug|Any CPU
		{D55D1EE1-BEA0-4D7B-AD11-1FE78C918150}.Release|Any CPU.ActiveCfg = Release|Any CPU
		{D55D1EE1-BEA0-4D7B-AD11-1FE78C918150}.Release|Any CPU.Build.0 = Release|Any CPU
	EndGlobalSection
	GlobalSection(SolutionProperties) = preSolution
		HideSolutionNode = FALSE
	EndGlobalSection
	GlobalSection(ExtensibilityGlobals) = postSolution
		SolutionGuid = {21AE21E6-0B3B-4ECD-A97B-43610F2E385C}
	EndGlobalSection
EndGlobal
